// !$*UTF8*$!
{
	archiveVersion = 1;
	classes = {
	};
	objectVersion = 56;
	objects = {

/* Begin PBXBuildFile section */
		A027BF5C2C8BAE9900AE52E7 /* KingsCourtApp.swift in Sources */ = {isa = PBXBuildFile; fileRef = A027BF5B2C8BAE9900AE52E7 /* KingsCourtApp.swift */; };
		A027BF5E2C8BAE9900AE52E7 /* ContentView.swift in Sources */ = {isa = PBXBuildFile; fileRef = A027BF5D2C8BAE9900AE52E7 /* ContentView.swift */; };
		A027BF602C8BAE9A00AE52E7 /* Assets.xcassets in Resources */ = {isa = PBXBuildFile; fileRef = A027BF5F2C8BAE9A00AE52E7 /* Assets.xcassets */; };
		A027BF632C8BAE9A00AE52E7 /* Preview Assets.xcassets in Resources */ = {isa = PBXBuildFile; fileRef = A027BF622C8BAE9A00AE52E7 /* Preview Assets.xcassets */; };
		A027BF6D2C8BAE9A00AE52E7 /* KingsCourtTests.swift in Sources */ = {isa = PBXBuildFile; fileRef = A027BF6C2C8BAE9A00AE52E7 /* KingsCourtTests.swift */; };
		A027BF772C8BAE9A00AE52E7 /* KingsCourtUITests.swift in Sources */ = {isa = PBXBuildFile; fileRef = A027BF762C8BAE9A00AE52E7 /* KingsCourtUITests.swift */; };
		A027BF792C8BAE9A00AE52E7 /* KingsCourtUITestsLaunchTests.swift in Sources */ = {isa = PBXBuildFile; fileRef = A027BF782C8BAE9A00AE52E7 /* KingsCourtUITestsLaunchTests.swift */; };
		A027BF8A2C8BB26200AE52E7 /* PlayerView.swift in Sources */ = {isa = PBXBuildFile; fileRef = A027BF892C8BB26200AE52E7 /* PlayerView.swift */; };
		A027BF8C2C8BB26A00AE52E7 /* AddPlayerView.swift in Sources */ = {isa = PBXBuildFile; fileRef = A027BF8B2C8BB26A00AE52E7 /* AddPlayerView.swift */; };
		A027BF8E2C8BB26F00AE52E7 /* StatsView.swift in Sources */ = {isa = PBXBuildFile; fileRef = A027BF8D2C8BB26F00AE52E7 /* StatsView.swift */; };
		A027BF902C8BB27A00AE52E7 /* GameLogView.swift in Sources */ = {isa = PBXBuildFile; fileRef = A027BF8F2C8BB27A00AE52E7 /* GameLogView.swift */; };
		A027BF922C8BB28600AE52E7 /* PlayView.swift in Sources */ = {isa = PBXBuildFile; fileRef = A027BF912C8BB28600AE52E7 /* PlayView.swift */; };
		A027BF942C8BE84300AE52E7 /* PlayViewModel.swift in Sources */ = {isa = PBXBuildFile; fileRef = A027BF932C8BE84300AE52E7 /* PlayViewModel.swift */; };
		A027BF962C8BE8CD00AE52E7 /* Player.swift in Sources */ = {isa = PBXBuildFile; fileRef = A027BF952C8BE8CD00AE52E7 /* Player.swift */; };
		A027BF992C8BEA6700AE52E7 /* Modifiers.swift in Sources */ = {isa = PBXBuildFile; fileRef = A027BF982C8BEA6700AE52E7 /* Modifiers.swift */; };
		A027BF9B2C8C086300AE52E7 /* AddPlayerViewModel.swift in Sources */ = {isa = PBXBuildFile; fileRef = A027BF9A2C8C086300AE52E7 /* AddPlayerViewModel.swift */; };
		A06EBC5F2C8C33420009B6D8 /* Team.swift in Sources */ = {isa = PBXBuildFile; fileRef = A06EBC5E2C8C33420009B6D8 /* Team.swift */; };
		A06EBC612C8C33AC0009B6D8 /* GameHistory.swift in Sources */ = {isa = PBXBuildFile; fileRef = A06EBC602C8C33AC0009B6D8 /* GameHistory.swift */; };
/* End PBXBuildFile section */

/* Begin PBXContainerItemProxy section */
		A027BF692C8BAE9A00AE52E7 /* PBXContainerItemProxy */ = {
			isa = PBXContainerItemProxy;
			containerPortal = A027BF502C8BAE9900AE52E7 /* Project object */;
			proxyType = 1;
			remoteGlobalIDString = A027BF572C8BAE9900AE52E7;
			remoteInfo = KingsCourt;
		};
		A027BF732C8BAE9A00AE52E7 /* PBXContainerItemProxy */ = {
			isa = PBXContainerItemProxy;
			containerPortal = A027BF502C8BAE9900AE52E7 /* Project object */;
			proxyType = 1;
			remoteGlobalIDString = A027BF572C8BAE9900AE52E7;
			remoteInfo = KingsCourt;
		};
/* End PBXContainerItemProxy section */

/* Begin PBXFileReference section */
		A027BF582C8BAE9900AE52E7 /* KingsCourt.app */ = {isa = PBXFileReference; explicitFileType = wrapper.application; includeInIndex = 0; path = KingsCourt.app; sourceTree = BUILT_PRODUCTS_DIR; };
		A027BF5B2C8BAE9900AE52E7 /* KingsCourtApp.swift */ = {isa = PBXFileReference; lastKnownFileType = sourcecode.swift; path = KingsCourtApp.swift; sourceTree = "<group>"; };
		A027BF5D2C8BAE9900AE52E7 /* ContentView.swift */ = {isa = PBXFileReference; lastKnownFileType = sourcecode.swift; path = ContentView.swift; sourceTree = "<group>"; };
		A027BF5F2C8BAE9A00AE52E7 /* Assets.xcassets */ = {isa = PBXFileReference; lastKnownFileType = folder.assetcatalog; path = Assets.xcassets; sourceTree = "<group>"; };
		A027BF622C8BAE9A00AE52E7 /* Preview Assets.xcassets */ = {isa = PBXFileReference; lastKnownFileType = folder.assetcatalog; path = "Preview Assets.xcassets"; sourceTree = "<group>"; };
		A027BF682C8BAE9A00AE52E7 /* KingsCourtTests.xctest */ = {isa = PBXFileReference; explicitFileType = wrapper.cfbundle; includeInIndex = 0; path = KingsCourtTests.xctest; sourceTree = BUILT_PRODUCTS_DIR; };
		A027BF6C2C8BAE9A00AE52E7 /* KingsCourtTests.swift */ = {isa = PBXFileReference; lastKnownFileType = sourcecode.swift; path = KingsCourtTests.swift; sourceTree = "<group>"; };
		A027BF722C8BAE9A00AE52E7 /* KingsCourtUITests.xctest */ = {isa = PBXFileReference; explicitFileType = wrapper.cfbundle; includeInIndex = 0; path = KingsCourtUITests.xctest; sourceTree = BUILT_PRODUCTS_DIR; };
		A027BF762C8BAE9A00AE52E7 /* KingsCourtUITests.swift */ = {isa = PBXFileReference; lastKnownFileType = sourcecode.swift; path = KingsCourtUITests.swift; sourceTree = "<group>"; };
		A027BF782C8BAE9A00AE52E7 /* KingsCourtUITestsLaunchTests.swift */ = {isa = PBXFileReference; lastKnownFileType = sourcecode.swift; path = KingsCourtUITestsLaunchTests.swift; sourceTree = "<group>"; };
		A027BF892C8BB26200AE52E7 /* PlayerView.swift */ = {isa = PBXFileReference; lastKnownFileType = sourcecode.swift; path = PlayerView.swift; sourceTree = "<group>"; };
		A027BF8B2C8BB26A00AE52E7 /* AddPlayerView.swift */ = {isa = PBXFileReference; lastKnownFileType = sourcecode.swift; path = AddPlayerView.swift; sourceTree = "<group>"; };
		A027BF8D2C8BB26F00AE52E7 /* StatsView.swift */ = {isa = PBXFileReference; lastKnownFileType = sourcecode.swift; path = StatsView.swift; sourceTree = "<group>"; };
		A027BF8F2C8BB27A00AE52E7 /* GameLogView.swift */ = {isa = PBXFileReference; lastKnownFileType = sourcecode.swift; path = GameLogView.swift; sourceTree = "<group>"; };
		A027BF912C8BB28600AE52E7 /* PlayView.swift */ = {isa = PBXFileReference; lastKnownFileType = sourcecode.swift; path = PlayView.swift; sourceTree = "<group>"; };
		A027BF932C8BE84300AE52E7 /* PlayViewModel.swift */ = {isa = PBXFileReference; lastKnownFileType = sourcecode.swift; path = PlayViewModel.swift; sourceTree = "<group>"; };
		A027BF952C8BE8CD00AE52E7 /* Player.swift */ = {isa = PBXFileReference; lastKnownFileType = sourcecode.swift; path = Player.swift; sourceTree = "<group>"; };
		A027BF982C8BEA6700AE52E7 /* Modifiers.swift */ = {isa = PBXFileReference; lastKnownFileType = sourcecode.swift; path = Modifiers.swift; sourceTree = "<group>"; };
		A027BF9A2C8C086300AE52E7 /* AddPlayerViewModel.swift */ = {isa = PBXFileReference; lastKnownFileType = sourcecode.swift; path = AddPlayerViewModel.swift; sourceTree = "<group>"; };
		A06EBC5E2C8C33420009B6D8 /* Team.swift */ = {isa = PBXFileReference; lastKnownFileType = sourcecode.swift; path = Team.swift; sourceTree = "<group>"; };
		A06EBC602C8C33AC0009B6D8 /* GameHistory.swift */ = {isa = PBXFileReference; lastKnownFileType = sourcecode.swift; path = GameHistory.swift; sourceTree = "<group>"; };
/* End PBXFileReference section */

/* Begin PBXFrameworksBuildPhase section */
		A027BF552C8BAE9900AE52E7 /* Frameworks */ = {
			isa = PBXFrameworksBuildPhase;
			buildActionMask = 2147483647;
			files = (
			);
			runOnlyForDeploymentPostprocessing = 0;
		};
		A027BF652C8BAE9A00AE52E7 /* Frameworks */ = {
			isa = PBXFrameworksBuildPhase;
			buildActionMask = 2147483647;
			files = (
			);
			runOnlyForDeploymentPostprocessing = 0;
		};
		A027BF6F2C8BAE9A00AE52E7 /* Frameworks */ = {
			isa = PBXFrameworksBuildPhase;
			buildActionMask = 2147483647;
			files = (
			);
			runOnlyForDeploymentPostprocessing = 0;
		};
/* End PBXFrameworksBuildPhase section */

/* Begin PBXGroup section */
		A027BF4F2C8BAE9900AE52E7 = {
			isa = PBXGroup;
			children = (
				A027BF5A2C8BAE9900AE52E7 /* KingsCourt */,
				A027BF6B2C8BAE9A00AE52E7 /* KingsCourtTests */,
				A027BF752C8BAE9A00AE52E7 /* KingsCourtUITests */,
				A027BF592C8BAE9900AE52E7 /* Products */,
			);
			sourceTree = "<group>";
		};
		A027BF592C8BAE9900AE52E7 /* Products */ = {
			isa = PBXGroup;
			children = (
				A027BF582C8BAE9900AE52E7 /* KingsCourt.app */,
				A027BF682C8BAE9A00AE52E7 /* KingsCourtTests.xctest */,
				A027BF722C8BAE9A00AE52E7 /* KingsCourtUITests.xctest */,
			);
			name = Products;
			sourceTree = "<group>";
		};
		A027BF5A2C8BAE9900AE52E7 /* KingsCourt */ = {
			isa = PBXGroup;
			children = (
				A027BF5B2C8BAE9900AE52E7 /* KingsCourtApp.swift */,
				A027BF882C8BAF3C00AE52E7 /* Views */,
				A027BF872C8BAF2B00AE52E7 /* Models */,
				A027BF862C8BAF2200AE52E7 /* VIewModels */,
				A027BF852C8BAF1300AE52E7 /* Tools */,
				A027BF5F2C8BAE9A00AE52E7 /* Assets.xcassets */,
				A027BF612C8BAE9A00AE52E7 /* Preview Content */,
			);
			path = KingsCourt;
			sourceTree = "<group>";
		};
		A027BF612C8BAE9A00AE52E7 /* Preview Content */ = {
			isa = PBXGroup;
			children = (
				A027BF622C8BAE9A00AE52E7 /* Preview Assets.xcassets */,
			);
			path = "Preview Content";
			sourceTree = "<group>";
		};
		A027BF6B2C8BAE9A00AE52E7 /* KingsCourtTests */ = {
			isa = PBXGroup;
			children = (
				A027BF6C2C8BAE9A00AE52E7 /* KingsCourtTests.swift */,
			);
			path = KingsCourtTests;
			sourceTree = "<group>";
		};
		A027BF752C8BAE9A00AE52E7 /* KingsCourtUITests */ = {
			isa = PBXGroup;
			children = (
				A027BF762C8BAE9A00AE52E7 /* KingsCourtUITests.swift */,
				A027BF782C8BAE9A00AE52E7 /* KingsCourtUITestsLaunchTests.swift */,
			);
			path = KingsCourtUITests;
			sourceTree = "<group>";
		};
		A027BF852C8BAF1300AE52E7 /* Tools */ = {
			isa = PBXGroup;
			children = (
				A027BF982C8BEA6700AE52E7 /* Modifiers.swift */,
			);
			path = Tools;
			sourceTree = "<group>";
		};
		A027BF862C8BAF2200AE52E7 /* VIewModels */ = {
			isa = PBXGroup;
			children = (
				A027BF932C8BE84300AE52E7 /* PlayViewModel.swift */,
				A027BF9A2C8C086300AE52E7 /* AddPlayerViewModel.swift */,
			);
			path = VIewModels;
			sourceTree = "<group>";
		};
		A027BF872C8BAF2B00AE52E7 /* Models */ = {
			isa = PBXGroup;
			children = (
				A027BF952C8BE8CD00AE52E7 /* Player.swift */,
				A06EBC5E2C8C33420009B6D8 /* Team.swift */,
				A06EBC602C8C33AC0009B6D8 /* GameHistory.swift */,
			);
			path = Models;
			sourceTree = "<group>";
		};
		A027BF882C8BAF3C00AE52E7 /* Views */ = {
			isa = PBXGroup;
			children = (
				A027BF972C8BEA1100AE52E7 /* PlayView */,
				A027BF5D2C8BAE9900AE52E7 /* ContentView.swift */,
				A027BF8F2C8BB27A00AE52E7 /* GameLogView.swift */,
				A027BF8D2C8BB26F00AE52E7 /* StatsView.swift */,
				A027BF8B2C8BB26A00AE52E7 /* AddPlayerView.swift */,
				A027BF892C8BB26200AE52E7 /* PlayerView.swift */,
			);
			path = Views;
			sourceTree = "<group>";
		};
		A027BF972C8BEA1100AE52E7 /* PlayView */ = {
			isa = PBXGroup;
			children = (
				A027BF912C8BB28600AE52E7 /* PlayView.swift */,
			);
			path = PlayView;
			sourceTree = "<group>";
		};
/* End PBXGroup section */

/* Begin PBXNativeTarget section */
		A027BF572C8BAE9900AE52E7 /* KingsCourt */ = {
			isa = PBXNativeTarget;
			buildConfigurationList = A027BF7C2C8BAE9A00AE52E7 /* Build configuration list for PBXNativeTarget "KingsCourt" */;
			buildPhases = (
				A027BF542C8BAE9900AE52E7 /* Sources */,
				A027BF552C8BAE9900AE52E7 /* Frameworks */,
				A027BF562C8BAE9900AE52E7 /* Resources */,
			);
			buildRules = (
			);
			dependencies = (
			);
			name = KingsCourt;
			productName = KingsCourt;
			productReference = A027BF582C8BAE9900AE52E7 /* KingsCourt.app */;
			productType = "com.apple.product-type.application";
		};
		A027BF672C8BAE9A00AE52E7 /* KingsCourtTests */ = {
			isa = PBXNativeTarget;
			buildConfigurationList = A027BF7F2C8BAE9A00AE52E7 /* Build configuration list for PBXNativeTarget "KingsCourtTests" */;
			buildPhases = (
				A027BF642C8BAE9A00AE52E7 /* Sources */,
				A027BF652C8BAE9A00AE52E7 /* Frameworks */,
				A027BF662C8BAE9A00AE52E7 /* Resources */,
			);
			buildRules = (
			);
			dependencies = (
				A027BF6A2C8BAE9A00AE52E7 /* PBXTargetDependency */,
			);
			name = KingsCourtTests;
			productName = KingsCourtTests;
			productReference = A027BF682C8BAE9A00AE52E7 /* KingsCourtTests.xctest */;
			productType = "com.apple.product-type.bundle.unit-test";
		};
		A027BF712C8BAE9A00AE52E7 /* KingsCourtUITests */ = {
			isa = PBXNativeTarget;
			buildConfigurationList = A027BF822C8BAE9A00AE52E7 /* Build configuration list for PBXNativeTarget "KingsCourtUITests" */;
			buildPhases = (
				A027BF6E2C8BAE9A00AE52E7 /* Sources */,
				A027BF6F2C8BAE9A00AE52E7 /* Frameworks */,
				A027BF702C8BAE9A00AE52E7 /* Resources */,
			);
			buildRules = (
			);
			dependencies = (
				A027BF742C8BAE9A00AE52E7 /* PBXTargetDependency */,
			);
			name = KingsCourtUITests;
			productName = KingsCourtUITests;
			productReference = A027BF722C8BAE9A00AE52E7 /* KingsCourtUITests.xctest */;
			productType = "com.apple.product-type.bundle.ui-testing";
		};
/* End PBXNativeTarget section */

/* Begin PBXProject section */
		A027BF502C8BAE9900AE52E7 /* Project object */ = {
			isa = PBXProject;
			attributes = {
				BuildIndependentTargetsInParallel = 1;
				LastSwiftUpdateCheck = 1540;
				LastUpgradeCheck = 1540;
				TargetAttributes = {
					A027BF572C8BAE9900AE52E7 = {
						CreatedOnToolsVersion = 15.4;
					};
					A027BF672C8BAE9A00AE52E7 = {
						CreatedOnToolsVersion = 15.4;
						TestTargetID = A027BF572C8BAE9900AE52E7;
					};
					A027BF712C8BAE9A00AE52E7 = {
						CreatedOnToolsVersion = 15.4;
						TestTargetID = A027BF572C8BAE9900AE52E7;
					};
				};
			};
			buildConfigurationList = A027BF532C8BAE9900AE52E7 /* Build configuration list for PBXProject "KingsCourt" */;
			compatibilityVersion = "Xcode 14.0";
			developmentRegion = en;
			hasScannedForEncodings = 0;
			knownRegions = (
				en,
				Base,
			);
			mainGroup = A027BF4F2C8BAE9900AE52E7;
			productRefGroup = A027BF592C8BAE9900AE52E7 /* Products */;
			projectDirPath = "";
			projectRoot = "";
			targets = (
				A027BF572C8BAE9900AE52E7 /* KingsCourt */,
				A027BF672C8BAE9A00AE52E7 /* KingsCourtTests */,
				A027BF712C8BAE9A00AE52E7 /* KingsCourtUITests */,
			);
		};
/* End PBXProject section */

/* Begin PBXResourcesBuildPhase section */
		A027BF562C8BAE9900AE52E7 /* Resources */ = {
			isa = PBXResourcesBuildPhase;
			buildActionMask = 2147483647;
			files = (
				A027BF632C8BAE9A00AE52E7 /* Preview Assets.xcassets in Resources */,
				A027BF602C8BAE9A00AE52E7 /* Assets.xcassets in Resources */,
			);
			runOnlyForDeploymentPostprocessing = 0;
		};
		A027BF662C8BAE9A00AE52E7 /* Resources */ = {
			isa = PBXResourcesBuildPhase;
			buildActionMask = 2147483647;
			files = (
			);
			runOnlyForDeploymentPostprocessing = 0;
		};
		A027BF702C8BAE9A00AE52E7 /* Resources */ = {
			isa = PBXResourcesBuildPhase;
			buildActionMask = 2147483647;
			files = (
			);
			runOnlyForDeploymentPostprocessing = 0;
		};
/* End PBXResourcesBuildPhase section */

/* Begin PBXSourcesBuildPhase section */
		A027BF542C8BAE9900AE52E7 /* Sources */ = {
			isa = PBXSourcesBuildPhase;
			buildActionMask = 2147483647;
			files = (
				A06EBC5F2C8C33420009B6D8 /* Team.swift in Sources */,
				A027BF942C8BE84300AE52E7 /* PlayViewModel.swift in Sources */,
				A027BF8A2C8BB26200AE52E7 /* PlayerView.swift in Sources */,
				A027BF902C8BB27A00AE52E7 /* GameLogView.swift in Sources */,
				A06EBC612C8C33AC0009B6D8 /* GameHistory.swift in Sources */,
				A027BF8E2C8BB26F00AE52E7 /* StatsView.swift in Sources */,
				A027BF992C8BEA6700AE52E7 /* Modifiers.swift in Sources */,
				A027BF922C8BB28600AE52E7 /* PlayView.swift in Sources */,
				A027BF5E2C8BAE9900AE52E7 /* ContentView.swift in Sources */,
				A027BF5C2C8BAE9900AE52E7 /* KingsCourtApp.swift in Sources */,
				A027BF962C8BE8CD00AE52E7 /* Player.swift in Sources */,
				A027BF9B2C8C086300AE52E7 /* AddPlayerViewModel.swift in Sources */,
				A027BF8C2C8BB26A00AE52E7 /* AddPlayerView.swift in Sources */,
			);
			runOnlyForDeploymentPostprocessing = 0;
		};
		A027BF642C8BAE9A00AE52E7 /* Sources */ = {
			isa = PBXSourcesBuildPhase;
			buildActionMask = 2147483647;
			files = (
				A027BF6D2C8BAE9A00AE52E7 /* KingsCourtTests.swift in Sources */,
			);
			runOnlyForDeploymentPostprocessing = 0;
		};
		A027BF6E2C8BAE9A00AE52E7 /* Sources */ = {
			isa = PBXSourcesBuildPhase;
			buildActionMask = 2147483647;
			files = (
				A027BF772C8BAE9A00AE52E7 /* KingsCourtUITests.swift in Sources */,
				A027BF792C8BAE9A00AE52E7 /* KingsCourtUITestsLaunchTests.swift in Sources */,
			);
			runOnlyForDeploymentPostprocessing = 0;
		};
/* End PBXSourcesBuildPhase section */

/* Begin PBXTargetDependency section */
		A027BF6A2C8BAE9A00AE52E7 /* PBXTargetDependency */ = {
			isa = PBXTargetDependency;
			target = A027BF572C8BAE9900AE52E7 /* KingsCourt */;
			targetProxy = A027BF692C8BAE9A00AE52E7 /* PBXContainerItemProxy */;
		};
		A027BF742C8BAE9A00AE52E7 /* PBXTargetDependency */ = {
			isa = PBXTargetDependency;
			target = A027BF572C8BAE9900AE52E7 /* KingsCourt */;
			targetProxy = A027BF732C8BAE9A00AE52E7 /* PBXContainerItemProxy */;
		};
/* End PBXTargetDependency section */

/* Begin XCBuildConfiguration section */
		A027BF7A2C8BAE9A00AE52E7 /* Debug */ = {
			isa = XCBuildConfiguration;
			buildSettings = {
				ALWAYS_SEARCH_USER_PATHS = NO;
				ASSETCATALOG_COMPILER_GENERATE_SWIFT_ASSET_SYMBOL_EXTENSIONS = YES;
				CLANG_ANALYZER_NONNULL = YES;
				CLANG_ANALYZER_NUMBER_OBJECT_CONVERSION = YES_AGGRESSIVE;
				CLANG_CXX_LANGUAGE_STANDARD = "gnu++20";
				CLANG_ENABLE_MODULES = YES;
				CLANG_ENABLE_OBJC_ARC = YES;
				CLANG_ENABLE_OBJC_WEAK = YES;
				CLANG_WARN_BLOCK_CAPTURE_AUTORELEASING = YES;
				CLANG_WARN_BOOL_CONVERSION = YES;
				CLANG_WARN_COMMA = YES;
				CLANG_WARN_CONSTANT_CONVERSION = YES;
				CLANG_WARN_DEPRECATED_OBJC_IMPLEMENTATIONS = YES;
				CLANG_WARN_DIRECT_OBJC_ISA_USAGE = YES_ERROR;
				CLANG_WARN_DOCUMENTATION_COMMENTS = YES;
				CLANG_WARN_EMPTY_BODY = YES;
				CLANG_WARN_ENUM_CONVERSION = YES;
				CLANG_WARN_INFINITE_RECURSION = YES;
				CLANG_WARN_INT_CONVERSION = YES;
				CLANG_WARN_NON_LITERAL_NULL_CONVERSION = YES;
				CLANG_WARN_OBJC_IMPLICIT_RETAIN_SELF = YES;
				CLANG_WARN_OBJC_LITERAL_CONVERSION = YES;
				CLANG_WARN_OBJC_ROOT_CLASS = YES_ERROR;
				CLANG_WARN_QUOTED_INCLUDE_IN_FRAMEWORK_HEADER = YES;
				CLANG_WARN_RANGE_LOOP_ANALYSIS = YES;
				CLANG_WARN_STRICT_PROTOTYPES = YES;
				CLANG_WARN_SUSPICIOUS_MOVE = YES;
				CLANG_WARN_UNGUARDED_AVAILABILITY = YES_AGGRESSIVE;
				CLANG_WARN_UNREACHABLE_CODE = YES;
				CLANG_WARN__DUPLICATE_METHOD_MATCH = YES;
				COPY_PHASE_STRIP = NO;
				DEBUG_INFORMATION_FORMAT = dwarf;
				ENABLE_STRICT_OBJC_MSGSEND = YES;
				ENABLE_TESTABILITY = YES;
				ENABLE_USER_SCRIPT_SANDBOXING = YES;
				GCC_C_LANGUAGE_STANDARD = gnu17;
				GCC_DYNAMIC_NO_PIC = NO;
				GCC_NO_COMMON_BLOCKS = YES;
				GCC_OPTIMIZATION_LEVEL = 0;
				GCC_PREPROCESSOR_DEFINITIONS = (
					"DEBUG=1",
					"$(inherited)",
				);
				GCC_WARN_64_TO_32_BIT_CONVERSION = YES;
				GCC_WARN_ABOUT_RETURN_TYPE = YES_ERROR;
				GCC_WARN_UNDECLARED_SELECTOR = YES;
				GCC_WARN_UNINITIALIZED_AUTOS = YES_AGGRESSIVE;
				GCC_WARN_UNUSED_FUNCTION = YES;
				GCC_WARN_UNUSED_VARIABLE = YES;
				IPHONEOS_DEPLOYMENT_TARGET = 17.5;
				LOCALIZATION_PREFERS_STRING_CATALOGS = YES;
				MTL_ENABLE_DEBUG_INFO = INCLUDE_SOURCE;
				MTL_FAST_MATH = YES;
				ONLY_ACTIVE_ARCH = YES;
				SDKROOT = iphoneos;
				SWIFT_ACTIVE_COMPILATION_CONDITIONS = "DEBUG $(inherited)";
				SWIFT_OPTIMIZATION_LEVEL = "-Onone";
			};
			name = Debug;
		};
		A027BF7B2C8BAE9A00AE52E7 /* Release */ = {
			isa = XCBuildConfiguration;
			buildSettings = {
				ALWAYS_SEARCH_USER_PATHS = NO;
				ASSETCATALOG_COMPILER_GENERATE_SWIFT_ASSET_SYMBOL_EXTENSIONS = YES;
				CLANG_ANALYZER_NONNULL = YES;
				CLANG_ANALYZER_NUMBER_OBJECT_CONVERSION = YES_AGGRESSIVE;
				CLANG_CXX_LANGUAGE_STANDARD = "gnu++20";
				CLANG_ENABLE_MODULES = YES;
				CLANG_ENABLE_OBJC_ARC = YES;
				CLANG_ENABLE_OBJC_WEAK = YES;
				CLANG_WARN_BLOCK_CAPTURE_AUTORELEASING = YES;
				CLANG_WARN_BOOL_CONVERSION = YES;
				CLANG_WARN_COMMA = YES;
				CLANG_WARN_CONSTANT_CONVERSION = YES;
				CLANG_WARN_DEPRECATED_OBJC_IMPLEMENTATIONS = YES;
				CLANG_WARN_DIRECT_OBJC_ISA_USAGE = YES_ERROR;
				CLANG_WARN_DOCUMENTATION_COMMENTS = YES;
				CLANG_WARN_EMPTY_BODY = YES;
				CLANG_WARN_ENUM_CONVERSION = YES;
				CLANG_WARN_INFINITE_RECURSION = YES;
				CLANG_WARN_INT_CONVERSION = YES;
				CLANG_WARN_NON_LITERAL_NULL_CONVERSION = YES;
				CLANG_WARN_OBJC_IMPLICIT_RETAIN_SELF = YES;
				CLANG_WARN_OBJC_LITERAL_CONVERSION = YES;
				CLANG_WARN_OBJC_ROOT_CLASS = YES_ERROR;
				CLANG_WARN_QUOTED_INCLUDE_IN_FRAMEWORK_HEADER = YES;
				CLANG_WARN_RANGE_LOOP_ANALYSIS = YES;
				CLANG_WARN_STRICT_PROTOTYPES = YES;
				CLANG_WARN_SUSPICIOUS_MOVE = YES;
				CLANG_WARN_UNGUARDED_AVAILABILITY = YES_AGGRESSIVE;
				CLANG_WARN_UNREACHABLE_CODE = YES;
				CLANG_WARN__DUPLICATE_METHOD_MATCH = YES;
				COPY_PHASE_STRIP = NO;
				DEBUG_INFORMATION_FORMAT = "dwarf-with-dsym";
				ENABLE_NS_ASSERTIONS = NO;
				ENABLE_STRICT_OBJC_MSGSEND = YES;
				ENABLE_USER_SCRIPT_SANDBOXING = YES;
				GCC_C_LANGUAGE_STANDARD = gnu17;
				GCC_NO_COMMON_BLOCKS = YES;
				GCC_WARN_64_TO_32_BIT_CONVERSION = YES;
				GCC_WARN_ABOUT_RETURN_TYPE = YES_ERROR;
				GCC_WARN_UNDECLARED_SELECTOR = YES;
				GCC_WARN_UNINITIALIZED_AUTOS = YES_AGGRESSIVE;
				GCC_WARN_UNUSED_FUNCTION = YES;
				GCC_WARN_UNUSED_VARIABLE = YES;
				IPHONEOS_DEPLOYMENT_TARGET = 17.5;
				LOCALIZATION_PREFERS_STRING_CATALOGS = YES;
				MTL_ENABLE_DEBUG_INFO = NO;
				MTL_FAST_MATH = YES;
				SDKROOT = iphoneos;
				SWIFT_COMPILATION_MODE = wholemodule;
				VALIDATE_PRODUCT = YES;
			};
			name = Release;
		};
		A027BF7D2C8BAE9A00AE52E7 /* Debug */ = {
			isa = XCBuildConfiguration;
			buildSettings = {
				ASSETCATALOG_COMPILER_APPICON_NAME = AppIcon;
				ASSETCATALOG_COMPILER_GLOBAL_ACCENT_COLOR_NAME = AccentColor;
				CODE_SIGN_STYLE = Automatic;
				CURRENT_PROJECT_VERSION = 1;
				DEVELOPMENT_ASSET_PATHS = "\"KingsCourt/Preview Content\"";
				DEVELOPMENT_TEAM = 2V9PJ4F97F;
				ENABLE_PREVIEWS = YES;
				GENERATE_INFOPLIST_FILE = YES;
				INFOPLIST_KEY_UIApplicationSceneManifest_Generation = YES;
				INFOPLIST_KEY_UIApplicationSupportsIndirectInputEvents = YES;
				INFOPLIST_KEY_UILaunchScreen_Generation = YES;
				INFOPLIST_KEY_UISupportedInterfaceOrientations_iPad = "UIInterfaceOrientationPortrait UIInterfaceOrientationPortraitUpsideDown UIInterfaceOrientationLandscapeLeft UIInterfaceOrientationLandscapeRight";
				INFOPLIST_KEY_UISupportedInterfaceOrientations_iPhone = "UIInterfaceOrientationPortrait UIInterfaceOrientationLandscapeLeft UIInterfaceOrientationLandscapeRight";
				LD_RUNPATH_SEARCH_PATHS = (
					"$(inherited)",
					"@executable_path/Frameworks",
				);
				MARKETING_VERSION = 1.0;
				PRODUCT_BUNDLE_IDENTIFIER = com.MatthewLow.KingsCourt;
				PRODUCT_NAME = "$(TARGET_NAME)";
				SWIFT_EMIT_LOC_STRINGS = YES;
				SWIFT_VERSION = 5.0;
				TARGETED_DEVICE_FAMILY = "1,2";
			};
			name = Debug;
		};
		A027BF7E2C8BAE9A00AE52E7 /* Release */ = {
			isa = XCBuildConfiguration;
			buildSettings = {
				ASSETCATALOG_COMPILER_APPICON_NAME = AppIcon;
				ASSETCATALOG_COMPILER_GLOBAL_ACCENT_COLOR_NAME = AccentColor;
				CODE_SIGN_STYLE = Automatic;
				CURRENT_PROJECT_VERSION = 1;
				DEVELOPMENT_ASSET_PATHS = "\"KingsCourt/Preview Content\"";
				DEVELOPMENT_TEAM = 2V9PJ4F97F;
				ENABLE_PREVIEWS = YES;
				GENERATE_INFOPLIST_FILE = YES;
				INFOPLIST_KEY_UIApplicationSceneManifest_Generation = YES;
				INFOPLIST_KEY_UIApplicationSupportsIndirectInputEvents = YES;
				INFOPLIST_KEY_UILaunchScreen_Generation = YES;
				INFOPLIST_KEY_UISupportedInterfaceOrientations_iPad = "UIInterfaceOrientationPortrait UIInterfaceOrientationPortraitUpsideDown UIInterfaceOrientationLandscapeLeft UIInterfaceOrientationLandscapeRight";
				INFOPLIST_KEY_UISupportedInterfaceOrientations_iPhone = "UIInterfaceOrientationPortrait UIInterfaceOrientationLandscapeLeft UIInterfaceOrientationLandscapeRight";
				LD_RUNPATH_SEARCH_PATHS = (
					"$(inherited)",
					"@executable_path/Frameworks",
				);
				MARKETING_VERSION = 1.0;
				PRODUCT_BUNDLE_IDENTIFIER = com.MatthewLow.KingsCourt;
				PRODUCT_NAME = "$(TARGET_NAME)";
				SWIFT_EMIT_LOC_STRINGS = YES;
				SWIFT_VERSION = 5.0;
				TARGETED_DEVICE_FAMILY = "1,2";
			};
			name = Release;
		};
		A027BF802C8BAE9A00AE52E7 /* Debug */ = {
			isa = XCBuildConfiguration;
			buildSettings = {
				ALWAYS_EMBED_SWIFT_STANDARD_LIBRARIES = YES;
				BUNDLE_LOADER = "$(TEST_HOST)";
				CODE_SIGN_STYLE = Automatic;
				CURRENT_PROJECT_VERSION = 1;
				DEVELOPMENT_TEAM = 2V9PJ4F97F;
				GENERATE_INFOPLIST_FILE = YES;
				IPHONEOS_DEPLOYMENT_TARGET = 17.5;
				MARKETING_VERSION = 1.0;
				PRODUCT_BUNDLE_IDENTIFIER = com.MatthewLow.KingsCourtTests;
				PRODUCT_NAME = "$(TARGET_NAME)";
				SWIFT_EMIT_LOC_STRINGS = NO;
				SWIFT_VERSION = 5.0;
				TARGETED_DEVICE_FAMILY = "1,2";
				TEST_HOST = "$(BUILT_PRODUCTS_DIR)/KingsCourt.app/$(BUNDLE_EXECUTABLE_FOLDER_PATH)/KingsCourt";
			};
			name = Debug;
		};
		A027BF812C8BAE9A00AE52E7 /* Release */ = {
			isa = XCBuildConfiguration;
			buildSettings = {
				ALWAYS_EMBED_SWIFT_STANDARD_LIBRARIES = YES;
				BUNDLE_LOADER = "$(TEST_HOST)";
				CODE_SIGN_STYLE = Automatic;
				CURRENT_PROJECT_VERSION = 1;
				DEVELOPMENT_TEAM = 2V9PJ4F97F;
				GENERATE_INFOPLIST_FILE = YES;
				IPHONEOS_DEPLOYMENT_TARGET = 17.5;
				MARKETING_VERSION = 1.0;
				PRODUCT_BUNDLE_IDENTIFIER = com.MatthewLow.KingsCourtTests;
				PRODUCT_NAME = "$(TARGET_NAME)";
				SWIFT_EMIT_LOC_STRINGS = NO;
				SWIFT_VERSION = 5.0;
				TARGETED_DEVICE_FAMILY = "1,2";
				TEST_HOST = "$(BUILT_PRODUCTS_DIR)/KingsCourt.app/$(BUNDLE_EXECUTABLE_FOLDER_PATH)/KingsCourt";
			};
			name = Release;
		};
		A027BF832C8BAE9A00AE52E7 /* Debug */ = {
			isa = XCBuildConfiguration;
			buildSettings = {
				ALWAYS_EMBED_SWIFT_STANDARD_LIBRARIES = YES;
				CODE_SIGN_STYLE = Automatic;
				CURRENT_PROJECT_VERSION = 1;
				DEVELOPMENT_TEAM = 2V9PJ4F97F;
				GENERATE_INFOPLIST_FILE = YES;
				MARKETING_VERSION = 1.0;
				PRODUCT_BUNDLE_IDENTIFIER = com.MatthewLow.KingsCourtUITests;
				PRODUCT_NAME = "$(TARGET_NAME)";
				SWIFT_EMIT_LOC_STRINGS = NO;
				SWIFT_VERSION = 5.0;
				TARGETED_DEVICE_FAMILY = "1,2";
				TEST_TARGET_NAME = KingsCourt;
			};
			name = Debug;
		};
		A027BF842C8BAE9A00AE52E7 /* Release */ = {
			isa = XCBuildConfiguration;
			buildSettings = {
				ALWAYS_EMBED_SWIFT_STANDARD_LIBRARIES = YES;
				CODE_SIGN_STYLE = Automatic;
				CURRENT_PROJECT_VERSION = 1;
				DEVELOPMENT_TEAM = 2V9PJ4F97F;
				GENERATE_INFOPLIST_FILE = YES;
				MARKETING_VERSION = 1.0;
				PRODUCT_BUNDLE_IDENTIFIER = com.MatthewLow.KingsCourtUITests;
				PRODUCT_NAME = "$(TARGET_NAME)";
				SWIFT_EMIT_LOC_STRINGS = NO;
				SWIFT_VERSION = 5.0;
				TARGETED_DEVICE_FAMILY = "1,2";
				TEST_TARGET_NAME = KingsCourt;
			};
			name = Release;
		};
/* End XCBuildConfiguration section */

/* Begin XCConfigurationList section */
		A027BF532C8BAE9900AE52E7 /* Build configuration list for PBXProject "KingsCourt" */ = {
			isa = XCConfigurationList;
			buildConfigurations = (
				A027BF7A2C8BAE9A00AE52E7 /* Debug */,
				A027BF7B2C8BAE9A00AE52E7 /* Release */,
			);
			defaultConfigurationIsVisible = 0;
			defaultConfigurationName = Release;
		};
		A027BF7C2C8BAE9A00AE52E7 /* Build configuration list for PBXNativeTarget "KingsCourt" */ = {
			isa = XCConfigurationList;
			buildConfigurations = (
				A027BF7D2C8BAE9A00AE52E7 /* Debug */,
				A027BF7E2C8BAE9A00AE52E7 /* Release */,
			);
			defaultConfigurationIsVisible = 0;
			defaultConfigurationName = Release;
		};
		A027BF7F2C8BAE9A00AE52E7 /* Build configuration list for PBXNativeTarget "KingsCourtTests" */ = {
			isa = XCConfigurationList;
			buildConfigurations = (
				A027BF802C8BAE9A00AE52E7 /* Debug */,
				A027BF812C8BAE9A00AE52E7 /* Release */,
			);
			defaultConfigurationIsVisible = 0;
			defaultConfigurationName = Release;
		};
		A027BF822C8BAE9A00AE52E7 /* Build configuration list for PBXNativeTarget "KingsCourtUITests" */ = {
			isa = XCConfigurationList;
			buildConfigurations = (
				A027BF832C8BAE9A00AE52E7 /* Debug */,
				A027BF842C8BAE9A00AE52E7 /* Release */,
			);
			defaultConfigurationIsVisible = 0;
			defaultConfigurationName = Release;
		};
/* End XCConfigurationList section */
	};
	rootObject = A027BF502C8BAE9900AE52E7 /* Project object */;
}
